{
  "name": "unacob_genspark",
  "lockfileVersion": 3,
  "requires": true,
  "packages": {
    "": {
      "dependencies": {
        "n2words": "^4.0.0"
      }
    },
    "node_modules/n2words": {
      "version": "4.0.0",
      "resolved": "https://registry.npmjs.org/n2words/-/n2words-4.0.0.tgz",
      "integrity": "sha512-y0TJuqz5IaDYAjhmiqKGM4C20/fNeOuPGIE+AM5v5mMO9G/lYJ9tee45NYR7lwF9bquwP6WW6YVxh3XTwq4xPg==",
      "license": "MIT",
      "engines": {
        "node": ">=20"
      },
      "funding": {
        "type": "github",
        "url": "https://github.com/sponsors/forzagreen"
      }
    }
  }
}
